
Microsoft Visual Studio Solution File, Format Version 12.00
# Visual Studio Version 16
VisualStudioVersion = 16.0.29424.173
MinimumVisualStudioVersion = 10.0.40219.1
Project("{FAE04EC0-301F-11D3-BF4B-00C04F79EFBC}") = "apitask", "apitask\apitask.csproj", "{822BAA4F-16D5-4AF2-9CE9-53688CC1DE88}"
EndProject
Global
	GlobalSection(SolutionConfigurationPlatforms) = preSolution
		Debug|Any CPU = Debug|Any CPU
		Release|Any CPU = Release|Any CPU
	EndGlobalSection
	GlobalSection(ProjectConfigurationPlatforms) = postSolution
		{822BAA4F-16D5-4AF2-9CE9-53688CC1DE88}.Debug|Any CPU.ActiveCfg = Debug|Any CPU
		{822BAA4F-16D5-4AF2-9CE9-53688CC1DE88}.Debug|Any CPU.Build.0 = Debug|Any CPU
		{822BAA4F-16D5-4AF2-9CE9-53688CC1DE88}.Release|Any CPU.ActiveCfg = Release|Any CPU
		{822BAA4F-16D5-4AF2-9CE9-53688CC1DE88}.Release|Any CPU.Build.0 = Release|Any CPU
	EndGlobalSection
	GlobalSection(SolutionProperties) = preSolution
		HideSolutionNode = FALSE
	EndGlobalSection
	GlobalSection(ExtensibilityGlobals) = postSolution
		SolutionGuid = {F5911282-B0C4-4649-9D0C-21A36FD018AE}
	EndGlobalSection
EndGlobal
